
Microsoft Visual Studio Solution File, Format Version 12.00
# Visual Studio 15
VisualStudioVersion = 15.0.27703.2026
MinimumVisualStudioVersion = 10.0.40219.1
Project("{FAE04EC0-301F-11D3-BF4B-00C04F79EFBC}") = "oopproject", "oopproject\oopproject.csproj", "{2BDE6D52-FD32-4268-AC71-24E63DFF5A9C}"
EndProject
Global
	GlobalSection(SolutionConfigurationPlatforms) = preSolution
		Debug|Any CPU = Debug|Any CPU
		Release|Any CPU = Release|Any CPU
	EndGlobalSection
	GlobalSection(ProjectConfigurationPlatforms) = postSolution
		{2BDE6D52-FD32-4268-AC71-24E63DFF5A9C}.Debug|Any CPU.ActiveCfg = Debug|Any CPU
		{2BDE6D52-FD32-4268-AC71-24E63DFF5A9C}.Debug|Any CPU.Build.0 = Debug|Any CPU
		{2BDE6D52-FD32-4268-AC71-24E63DFF5A9C}.Release|Any CPU.ActiveCfg = Release|Any CPU
		{2BDE6D52-FD32-4268-AC71-24E63DFF5A9C}.Release|Any CPU.Build.0 = Release|Any CPU
	EndGlobalSection
	GlobalSection(SolutionProperties) = preSolution
		HideSolutionNode = FALSE
	EndGlobalSection
	GlobalSection(ExtensibilityGlobals) = postSolution
		SolutionGuid = {36343052-B322-4595-A94B-3875A5B78DAA}
	EndGlobalSection
EndGlobal
